// !$*UTF8*$!
{
	archiveVersion = 1;
	classes = {
	};
	objectVersion = 56;
	objects = {

/* Begin PBXBuildFile section */
		E84CD1E62B0C9DB000D94502 /* BattleView.swift in Sources */ = {isa = PBXBuildFile; fileRef = E84CD1E52B0C9DB000D94502 /* BattleView.swift */; };
		E84CD1E82B0C9DC500D94502 /* SelectAppareanceView.swift in Sources */ = {isa = PBXBuildFile; fileRef = E84CD1E72B0C9DC500D94502 /* SelectAppareanceView.swift */; };
		E84CD1EA2B0C9DD400D94502 /* CharacterModel.swift in Sources */ = {isa = PBXBuildFile; fileRef = E84CD1E92B0C9DD400D94502 /* CharacterModel.swift */; };
		E84CD1EC2B0CA06200D94502 /* SkillModel.swift in Sources */ = {isa = PBXBuildFile; fileRef = E84CD1EB2B0CA06200D94502 /* SkillModel.swift */; };
		E84CD1EE2B0CA1C500D94502 /* SkillCreationView.swift in Sources */ = {isa = PBXBuildFile; fileRef = E84CD1ED2B0CA1C500D94502 /* SkillCreationView.swift */; };
		E84CD1F02B0CAA3900D94502 /* EnemyModel.swift in Sources */ = {isa = PBXBuildFile; fileRef = E84CD1EF2B0CAA3900D94502 /* EnemyModel.swift */; };
		E84CD1F22B0CAA7400D94502 /* BattleController.swift in Sources */ = {isa = PBXBuildFile; fileRef = E84CD1F12B0CAA7400D94502 /* BattleController.swift */; };
		E85238D52B0E1F6B004CB57D /* RandomUser.swift in Sources */ = {isa = PBXBuildFile; fileRef = E85238D42B0E1F6B004CB57D /* RandomUser.swift */; };
		E85238D72B0E20B3004CB57D /* GeneratorController.swift in Sources */ = {isa = PBXBuildFile; fileRef = E85238D62B0E20B3004CB57D /* GeneratorController.swift */; };
		E8E44BEF2B0B9456009159B4 /* injureticeApp.swift in Sources */ = {isa = PBXBuildFile; fileRef = E8E44BEE2B0B9456009159B4 /* injureticeApp.swift */; };
		E8E44BF12B0B9456009159B4 /* ContentView.swift in Sources */ = {isa = PBXBuildFile; fileRef = E8E44BF02B0B9456009159B4 /* ContentView.swift */; };
		E8E44BF32B0B9459009159B4 /* Assets.xcassets in Resources */ = {isa = PBXBuildFile; fileRef = E8E44BF22B0B9459009159B4 /* Assets.xcassets */; };
		E8E44BF62B0B9459009159B4 /* Preview Assets.xcassets in Resources */ = {isa = PBXBuildFile; fileRef = E8E44BF52B0B9459009159B4 /* Preview Assets.xcassets */; };
/* End PBXBuildFile section */

/* Begin PBXFileReference section */
		E84CD1E52B0C9DB000D94502 /* BattleView.swift */ = {isa = PBXFileReference; lastKnownFileType = sourcecode.swift; path = BattleView.swift; sourceTree = "<group>"; };
		E84CD1E72B0C9DC500D94502 /* SelectAppareanceView.swift */ = {isa = PBXFileReference; lastKnownFileType = sourcecode.swift; path = SelectAppareanceView.swift; sourceTree = "<group>"; };
		E84CD1E92B0C9DD400D94502 /* CharacterModel.swift */ = {isa = PBXFileReference; lastKnownFileType = sourcecode.swift; path = CharacterModel.swift; sourceTree = "<group>"; };
		E84CD1EB2B0CA06200D94502 /* SkillModel.swift */ = {isa = PBXFileReference; lastKnownFileType = sourcecode.swift; path = SkillModel.swift; sourceTree = "<group>"; };
		E84CD1ED2B0CA1C500D94502 /* SkillCreationView.swift */ = {isa = PBXFileReference; lastKnownFileType = sourcecode.swift; path = SkillCreationView.swift; sourceTree = "<group>"; };
		E84CD1EF2B0CAA3900D94502 /* EnemyModel.swift */ = {isa = PBXFileReference; lastKnownFileType = sourcecode.swift; path = EnemyModel.swift; sourceTree = "<group>"; };
		E84CD1F12B0CAA7400D94502 /* BattleController.swift */ = {isa = PBXFileReference; lastKnownFileType = sourcecode.swift; path = BattleController.swift; sourceTree = "<group>"; };
		E85238D42B0E1F6B004CB57D /* RandomUser.swift */ = {isa = PBXFileReference; lastKnownFileType = sourcecode.swift; path = RandomUser.swift; sourceTree = "<group>"; };
		E85238D62B0E20B3004CB57D /* GeneratorController.swift */ = {isa = PBXFileReference; lastKnownFileType = sourcecode.swift; path = GeneratorController.swift; sourceTree = "<group>"; };
		E8E44BEB2B0B9456009159B4 /* injuretice.app */ = {isa = PBXFileReference; explicitFileType = wrapper.application; includeInIndex = 0; path = injuretice.app; sourceTree = BUILT_PRODUCTS_DIR; };
		E8E44BEE2B0B9456009159B4 /* injureticeApp.swift */ = {isa = PBXFileReference; lastKnownFileType = sourcecode.swift; path = injureticeApp.swift; sourceTree = "<group>"; };
		E8E44BF02B0B9456009159B4 /* ContentView.swift */ = {isa = PBXFileReference; lastKnownFileType = sourcecode.swift; path = ContentView.swift; sourceTree = "<group>"; };
		E8E44BF22B0B9459009159B4 /* Assets.xcassets */ = {isa = PBXFileReference; lastKnownFileType = folder.assetcatalog; path = Assets.xcassets; sourceTree = "<group>"; };
		E8E44BF52B0B9459009159B4 /* Preview Assets.xcassets */ = {isa = PBXFileReference; lastKnownFileType = folder.assetcatalog; path = "Preview Assets.xcassets"; sourceTree = "<group>"; };
/* End PBXFileReference section */

/* Begin PBXFrameworksBuildPhase section */
		E8E44BE82B0B9456009159B4 /* Frameworks */ = {
			isa = PBXFrameworksBuildPhase;
			buildActionMask = 2147483647;
			files = (
			);
			runOnlyForDeploymentPostprocessing = 0;
		};
/* End PBXFrameworksBuildPhase section */

/* Begin PBXGroup section */
		E8E44BE22B0B9456009159B4 = {
			isa = PBXGroup;
			children = (
				E8E44BED2B0B9456009159B4 /* injuretice */,
				E8E44BEC2B0B9456009159B4 /* Products */,
			);
			sourceTree = "<group>";
		};
		E8E44BEC2B0B9456009159B4 /* Products */ = {
			isa = PBXGroup;
			children = (
				E8E44BEB2B0B9456009159B4 /* injuretice.app */,
			);
			name = Products;
			sourceTree = "<group>";
		};
		E8E44BED2B0B9456009159B4 /* injuretice */ = {
			isa = PBXGroup;
			children = (
				E8E44BEE2B0B9456009159B4 /* injureticeApp.swift */,
				E8E44BF02B0B9456009159B4 /* ContentView.swift */,
				E84CD1E52B0C9DB000D94502 /* BattleView.swift */,
				E84CD1E72B0C9DC500D94502 /* SelectAppareanceView.swift */,
				E84CD1E92B0C9DD400D94502 /* CharacterModel.swift */,
				E84CD1EB2B0CA06200D94502 /* SkillModel.swift */,
				E85238D42B0E1F6B004CB57D /* RandomUser.swift */,
				E84CD1ED2B0CA1C500D94502 /* SkillCreationView.swift */,
				E84CD1EF2B0CAA3900D94502 /* EnemyModel.swift */,
				E85238D62B0E20B3004CB57D /* GeneratorController.swift */,
				E84CD1F12B0CAA7400D94502 /* BattleController.swift */,
				E8E44BF22B0B9459009159B4 /* Assets.xcassets */,
				E8E44BF42B0B9459009159B4 /* Preview Content */,
			);
			path = injuretice;
			sourceTree = "<group>";
		};
		E8E44BF42B0B9459009159B4 /* Preview Content */ = {
			isa = PBXGroup;
			children = (
				E8E44BF52B0B9459009159B4 /* Preview Assets.xcassets */,
			);
			path = "Preview Content";
			sourceTree = "<group>";
		};
/* End PBXGroup section */

/* Begin PBXNativeTarget section */
		E8E44BEA2B0B9456009159B4 /* injuretice */ = {
			isa = PBXNativeTarget;
			buildConfigurationList = E8E44BF92B0B9459009159B4 /* Build configuration list for PBXNativeTarget "injuretice" */;
			buildPhases = (
				E8E44BE72B0B9456009159B4 /* Sources */,
				E8E44BE82B0B9456009159B4 /* Frameworks */,
				E8E44BE92B0B9456009159B4 /* Resources */,
			);
			buildRules = (
			);
			dependencies = (
			);
			name = injuretice;
			productName = injuretice;
			productReference = E8E44BEB2B0B9456009159B4 /* injuretice.app */;
			productType = "com.apple.product-type.application";
		};
/* End PBXNativeTarget section */

/* Begin PBXProject section */
		E8E44BE32B0B9456009159B4 /* Project object */ = {
			isa = PBXProject;
			attributes = {
				BuildIndependentTargetsInParallel = 1;
				LastSwiftUpdateCheck = 1430;
				LastUpgradeCheck = 1430;
				TargetAttributes = {
					E8E44BEA2B0B9456009159B4 = {
						CreatedOnToolsVersion = 14.3.1;
					};
				};
			};
			buildConfigurationList = E8E44BE62B0B9456009159B4 /* Build configuration list for PBXProject "injuretice" */;
			compatibilityVersion = "Xcode 14.0";
			developmentRegion = en;
			hasScannedForEncodings = 0;
			knownRegions = (
				en,
				Base,
			);
			mainGroup = E8E44BE22B0B9456009159B4;
			productRefGroup = E8E44BEC2B0B9456009159B4 /* Products */;
			projectDirPath = "";
			projectRoot = "";
			targets = (
				E8E44BEA2B0B9456009159B4 /* injuretice */,
			);
		};
/* End PBXProject section */

/* Begin PBXResourcesBuildPhase section */
		E8E44BE92B0B9456009159B4 /* Resources */ = {
			isa = PBXResourcesBuildPhase;
			buildActionMask = 2147483647;
			files = (
				E8E44BF62B0B9459009159B4 /* Preview Assets.xcassets in Resources */,
				E8E44BF32B0B9459009159B4 /* Assets.xcassets in Resources */,
			);
			runOnlyForDeploymentPostprocessing = 0;
		};
/* End PBXResourcesBuildPhase section */

/* Begin PBXSourcesBuildPhase section */
		E8E44BE72B0B9456009159B4 /* Sources */ = {
			isa = PBXSourcesBuildPhase;
			buildActionMask = 2147483647;
			files = (
				E85238D72B0E20B3004CB57D /* GeneratorController.swift in Sources */,
				E84CD1E82B0C9DC500D94502 /* SelectAppareanceView.swift in Sources */,
				E84CD1EA2B0C9DD400D94502 /* CharacterModel.swift in Sources */,
				E84CD1F22B0CAA7400D94502 /* BattleController.swift in Sources */,
				E84CD1F02B0CAA3900D94502 /* EnemyModel.swift in Sources */,
				E84CD1EE2B0CA1C500D94502 /* SkillCreationView.swift in Sources */,
				E8E44BF12B0B9456009159B4 /* ContentView.swift in Sources */,
				E84CD1E62B0C9DB000D94502 /* BattleView.swift in Sources */,
				E8E44BEF2B0B9456009159B4 /* injureticeApp.swift in Sources */,
				E84CD1EC2B0CA06200D94502 /* SkillModel.swift in Sources */,
				E85238D52B0E1F6B004CB57D /* RandomUser.swift in Sources */,
			);
			runOnlyForDeploymentPostprocessing = 0;
		};
/* End PBXSourcesBuildPhase section */

/* Begin XCBuildConfiguration section */
		E8E44BF72B0B9459009159B4 /* Debug */ = {
			isa = XCBuildConfiguration;
			buildSettings = {
				ALWAYS_SEARCH_USER_PATHS = NO;
				CLANG_ANALYZER_NONNULL = YES;
				CLANG_ANALYZER_NUMBER_OBJECT_CONVERSION = YES_AGGRESSIVE;
				CLANG_CXX_LANGUAGE_STANDARD = "gnu++20";
				CLANG_ENABLE_MODULES = YES;
				CLANG_ENABLE_OBJC_ARC = YES;
				CLANG_ENABLE_OBJC_WEAK = YES;
				CLANG_WARN_BLOCK_CAPTURE_AUTORELEASING = YES;
				CLANG_WARN_BOOL_CONVERSION = YES;
				CLANG_WARN_COMMA = YES;
				CLANG_WARN_CONSTANT_CONVERSION = YES;
				CLANG_WARN_DEPRECATED_OBJC_IMPLEMENTATIONS = YES;
				CLANG_WARN_DIRECT_OBJC_ISA_USAGE = YES_ERROR;
				CLANG_WARN_DOCUMENTATION_COMMENTS = YES;
				CLANG_WARN_EMPTY_BODY = YES;
				CLANG_WARN_ENUM_CONVERSION = YES;
				CLANG_WARN_INFINITE_RECURSION = YES;
				CLANG_WARN_INT_CONVERSION = YES;
				CLANG_WARN_NON_LITERAL_NULL_CONVERSION = YES;
				CLANG_WARN_OBJC_IMPLICIT_RETAIN_SELF = YES;
				CLANG_WARN_OBJC_LITERAL_CONVERSION = YES;
				CLANG_WARN_OBJC_ROOT_CLASS = YES_ERROR;
				CLANG_WARN_QUOTED_INCLUDE_IN_FRAMEWORK_HEADER = YES;
				CLANG_WARN_RANGE_LOOP_ANALYSIS = YES;
				CLANG_WARN_STRICT_PROTOTYPES = YES;
				CLANG_WARN_SUSPICIOUS_MOVE = YES;
				CLANG_WARN_UNGUARDED_AVAILABILITY = YES_AGGRESSIVE;
				CLANG_WARN_UNREACHABLE_CODE = YES;
				CLANG_WARN__DUPLICATE_METHOD_MATCH = YES;
				COPY_PHASE_STRIP = NO;
				DEBUG_INFORMATION_FORMAT = dwarf;
				ENABLE_STRICT_OBJC_MSGSEND = YES;
				ENABLE_TESTABILITY = YES;
				GCC_C_LANGUAGE_STANDARD = gnu11;
				GCC_DYNAMIC_NO_PIC = NO;
				GCC_NO_COMMON_BLOCKS = YES;
				GCC_OPTIMIZATION_LEVEL = 0;
				GCC_PREPROCESSOR_DEFINITIONS = (
					"DEBUG=1",
					"$(inherited)",
				);
				GCC_WARN_64_TO_32_BIT_CONVERSION = YES;
				GCC_WARN_ABOUT_RETURN_TYPE = YES_ERROR;
				GCC_WARN_UNDECLARED_SELECTOR = YES;
				GCC_WARN_UNINITIALIZED_AUTOS = YES_AGGRESSIVE;
				GCC_WARN_UNUSED_FUNCTION = YES;
				GCC_WARN_UNUSED_VARIABLE = YES;
				IPHONEOS_DEPLOYMENT_TARGET = 16.4;
				MTL_ENABLE_DEBUG_INFO = INCLUDE_SOURCE;
				MTL_FAST_MATH = YES;
				ONLY_ACTIVE_ARCH = YES;
				SDKROOT = iphoneos;
				SWIFT_ACTIVE_COMPILATION_CONDITIONS = DEBUG;
				SWIFT_OPTIMIZATION_LEVEL = "-Onone";
			};
			name = Debug;
		};
		E8E44BF82B0B9459009159B4 /* Release */ = {
			isa = XCBuildConfiguration;
			buildSettings = {
				ALWAYS_SEARCH_USER_PATHS = NO;
				CLANG_ANALYZER_NONNULL = YES;
				CLANG_ANALYZER_NUMBER_OBJECT_CONVERSION = YES_AGGRESSIVE;
				CLANG_CXX_LANGUAGE_STANDARD = "gnu++20";
				CLANG_ENABLE_MODULES = YES;
				CLANG_ENABLE_OBJC_ARC = YES;
				CLANG_ENABLE_OBJC_WEAK = YES;
				CLANG_WARN_BLOCK_CAPTURE_AUTORELEASING = YES;
				CLANG_WARN_BOOL_CONVERSION = YES;
				CLANG_WARN_COMMA = YES;
				CLANG_WARN_CONSTANT_CONVERSION = YES;
				CLANG_WARN_DEPRECATED_OBJC_IMPLEMENTATIONS = YES;
				CLANG_WARN_DIRECT_OBJC_ISA_USAGE = YES_ERROR;
				CLANG_WARN_DOCUMENTATION_COMMENTS = YES;
				CLANG_WARN_EMPTY_BODY = YES;
				CLANG_WARN_ENUM_CONVERSION = YES;
				CLANG_WARN_INFINITE_RECURSION = YES;
				CLANG_WARN_INT_CONVERSION = YES;
				CLANG_WARN_NON_LITERAL_NULL_CONVERSION = YES;
				CLANG_WARN_OBJC_IMPLICIT_RETAIN_SELF = YES;
				CLANG_WARN_OBJC_LITERAL_CONVERSION = YES;
				CLANG_WARN_OBJC_ROOT_CLASS = YES_ERROR;
				CLANG_WARN_QUOTED_INCLUDE_IN_FRAMEWORK_HEADER = YES;
				CLANG_WARN_RANGE_LOOP_ANALYSIS = YES;
				CLANG_WARN_STRICT_PROTOTYPES = YES;
				CLANG_WARN_SUSPICIOUS_MOVE = YES;
				CLANG_WARN_UNGUARDED_AVAILABILITY = YES_AGGRESSIVE;
				CLANG_WARN_UNREACHABLE_CODE = YES;
				CLANG_WARN__DUPLICATE_METHOD_MATCH = YES;
				COPY_PHASE_STRIP = NO;
				DEBUG_INFORMATION_FORMAT = "dwarf-with-dsym";
				ENABLE_NS_ASSERTIONS = NO;
				ENABLE_STRICT_OBJC_MSGSEND = YES;
				GCC_C_LANGUAGE_STANDARD = gnu11;
				GCC_NO_COMMON_BLOCKS = YES;
				GCC_WARN_64_TO_32_BIT_CONVERSION = YES;
				GCC_WARN_ABOUT_RETURN_TYPE = YES_ERROR;
				GCC_WARN_UNDECLARED_SELECTOR = YES;
				GCC_WARN_UNINITIALIZED_AUTOS = YES_AGGRESSIVE;
				GCC_WARN_UNUSED_FUNCTION = YES;
				GCC_WARN_UNUSED_VARIABLE = YES;
				IPHONEOS_DEPLOYMENT_TARGET = 16.4;
				MTL_ENABLE_DEBUG_INFO = NO;
				MTL_FAST_MATH = YES;
				SDKROOT = iphoneos;
				SWIFT_COMPILATION_MODE = wholemodule;
				SWIFT_OPTIMIZATION_LEVEL = "-O";
				VALIDATE_PRODUCT = YES;
			};
			name = Release;
		};
		E8E44BFA2B0B9459009159B4 /* Debug */ = {
			isa = XCBuildConfiguration;
			buildSettings = {
				ASSETCATALOG_COMPILER_APPICON_NAME = AppIcon;
				ASSETCATALOG_COMPILER_GLOBAL_ACCENT_COLOR_NAME = AccentColor;
				CODE_SIGN_STYLE = Automatic;
				CURRENT_PROJECT_VERSION = 1;
				DEVELOPMENT_ASSET_PATHS = "\"injuretice/Preview Content\"";
				DEVELOPMENT_TEAM = CQNM946JR7;
				ENABLE_PREVIEWS = YES;
				GENERATE_INFOPLIST_FILE = YES;
				INFOPLIST_KEY_UIApplicationSceneManifest_Generation = YES;
				INFOPLIST_KEY_UIApplicationSupportsIndirectInputEvents = YES;
				INFOPLIST_KEY_UILaunchScreen_Generation = YES;
				INFOPLIST_KEY_UISupportedInterfaceOrientations_iPad = "UIInterfaceOrientationPortrait UIInterfaceOrientationPortraitUpsideDown UIInterfaceOrientationLandscapeLeft UIInterfaceOrientationLandscapeRight";
				INFOPLIST_KEY_UISupportedInterfaceOrientations_iPhone = "UIInterfaceOrientationPortrait UIInterfaceOrientationLandscapeLeft UIInterfaceOrientationLandscapeRight";
				LD_RUNPATH_SEARCH_PATHS = (
					"$(inherited)",
					"@executable_path/Frameworks",
				);
				MARKETING_VERSION = 1.0;
				PRODUCT_BUNDLE_IDENTIFIER = IIM.injuretice;
				PRODUCT_NAME = "$(TARGET_NAME)";
				SWIFT_EMIT_LOC_STRINGS = YES;
				SWIFT_VERSION = 5.0;
				TARGETED_DEVICE_FAMILY = "1,2";
			};
			name = Debug;
		};
		E8E44BFB2B0B9459009159B4 /* Release */ = {
			isa = XCBuildConfiguration;
			buildSettings = {
				ASSETCATALOG_COMPILER_APPICON_NAME = AppIcon;
				ASSETCATALOG_COMPILER_GLOBAL_ACCENT_COLOR_NAME = AccentColor;
				CODE_SIGN_STYLE = Automatic;
				CURRENT_PROJECT_VERSION = 1;
				DEVELOPMENT_ASSET_PATHS = "\"injuretice/Preview Content\"";
				DEVELOPMENT_TEAM = CQNM946JR7;
				ENABLE_PREVIEWS = YES;
				GENERATE_INFOPLIST_FILE = YES;
				INFOPLIST_KEY_UIApplicationSceneManifest_Generation = YES;
				INFOPLIST_KEY_UIApplicationSupportsIndirectInputEvents = YES;
				INFOPLIST_KEY_UILaunchScreen_Generation = YES;
				INFOPLIST_KEY_UISupportedInterfaceOrientations_iPad = "UIInterfaceOrientationPortrait UIInterfaceOrientationPortraitUpsideDown UIInterfaceOrientationLandscapeLeft UIInterfaceOrientationLandscapeRight";
				INFOPLIST_KEY_UISupportedInterfaceOrientations_iPhone = "UIInterfaceOrientationPortrait UIInterfaceOrientationLandscapeLeft UIInterfaceOrientationLandscapeRight";
				LD_RUNPATH_SEARCH_PATHS = (
					"$(inherited)",
					"@executable_path/Frameworks",
				);
				MARKETING_VERSION = 1.0;
				PRODUCT_BUNDLE_IDENTIFIER = IIM.injuretice;
				PRODUCT_NAME = "$(TARGET_NAME)";
				SWIFT_EMIT_LOC_STRINGS = YES;
				SWIFT_VERSION = 5.0;
				TARGETED_DEVICE_FAMILY = "1,2";
			};
			name = Release;
		};
/* End XCBuildConfiguration section */

/* Begin XCConfigurationList section */
		E8E44BE62B0B9456009159B4 /* Build configuration list for PBXProject "injuretice" */ = {
			isa = XCConfigurationList;
			buildConfigurations = (
				E8E44BF72B0B9459009159B4 /* Debug */,
				E8E44BF82B0B9459009159B4 /* Release */,
			);
			defaultConfigurationIsVisible = 0;
			defaultConfigurationName = Release;
		};
		E8E44BF92B0B9459009159B4 /* Build configuration list for PBXNativeTarget "injuretice" */ = {
			isa = XCConfigurationList;
			buildConfigurations = (
				E8E44BFA2B0B9459009159B4 /* Debug */,
				E8E44BFB2B0B9459009159B4 /* Release */,
			);
			defaultConfigurationIsVisible = 0;
			defaultConfigurationName = Release;
		};
/* End XCConfigurationList section */
	};
	rootObject = E8E44BE32B0B9456009159B4 /* Project object */;
}
